
Microsoft Visual Studio Solution File, Format Version 12.00
# Visual Studio Version 16
VisualStudioVersion = 16.0.32002.261
MinimumVisualStudioVersion = 10.0.40219.1
Project("{8BC9CEB8-8B4A-11D0-8D11-00A0C91BC942}") = "HelloWorld", "Baekjoon.vcxproj", "{52179D0A-3BCC-4909-AF0F-DA6091C60FD1}"
EndProject
Project("{8BC9CEB8-8B4A-11D0-8D11-00A0C91BC942}") = "We Love Kriii", "..\We Love Kriii\We Love Kriii.vcxproj", "{72CC5C67-C16B-4866-BC2D-91E9069C2564}"
EndProject
Project("{8BC9CEB8-8B4A-11D0-8D11-00A0C91BC942}") = "고양이", "..\고양이\고양이.vcxproj", "{02531446-1EE4-492D-AF3D-67AFE42EFE84}"
EndProject
Project("{8BC9CEB8-8B4A-11D0-8D11-00A0C91BC942}") = "개", "..\개\개.vcxproj", "{3ACB1E1B-82A2-4603-BF6E-4B0EE96210C0}"
EndProject
Project("{8BC9CEB8-8B4A-11D0-8D11-00A0C91BC942}") = "A+B", "..\A+B\A+B.vcxproj", "{9B3BF6C1-A79E-42DC-9C47-DFCC3A6D5103}"
EndProject
Project("{8BC9CEB8-8B4A-11D0-8D11-00A0C91BC942}") = "A-B", "..\A-B\A-B.vcxproj", "{4E2ACBEC-E614-4EEF-819C-EA3918134ACD}"
EndProject
Project("{8BC9CEB8-8B4A-11D0-8D11-00A0C91BC942}") = "AxB", "..\AxB\AxB.vcxproj", "{F945E304-74B3-4CB9-A120-3E923341E55C}"
EndProject
Project("{8BC9CEB8-8B4A-11D0-8D11-00A0C91BC942}") = "A 나누기 B", "..\A 나누기 B\A 나누기 B.vcxproj", "{6B48BD21-B8F9-4405-A261-AC70E1E5598F}"
EndProject
Project("{8BC9CEB8-8B4A-11D0-8D11-00A0C91BC942}") = "사칙연산", "..\사칙연산\사칙연산.vcxproj", "{4250D218-2B00-4B42-8E59-96DE36BF015D}"
EndProject
Project("{8BC9CEB8-8B4A-11D0-8D11-00A0C91BC942}") = "물음표물음표느낌표", "..\물음표물음표느낌표\물음표물음표느낌표.vcxproj", "{C6F73E6D-CECE-47CF-AB20-FB65BA65EA5A}"
EndProject
Project("{8BC9CEB8-8B4A-11D0-8D11-00A0C91BC942}") = "1998년생인_내가_태국에서는_2541_년생_물음표느낌표", "..\1998년생인_내가_태국에서는_2541_년생_물음표느낌표\1998년생인_내가_태국에서는_2541_년생_물음표느낌표.vcxproj", "{1F5907FC-76C9-42E1-8628-CDB4B554E660}"
EndProject
Global
	GlobalSection(SolutionConfigurationPlatforms) = preSolution
		Debug|x64 = Debug|x64
		Debug|x86 = Debug|x86
		Release|x64 = Release|x64
		Release|x86 = Release|x86
	EndGlobalSection
	GlobalSection(ProjectConfigurationPlatforms) = postSolution
		{52179D0A-3BCC-4909-AF0F-DA6091C60FD1}.Debug|x64.ActiveCfg = Debug|x64
		{52179D0A-3BCC-4909-AF0F-DA6091C60FD1}.Debug|x64.Build.0 = Debug|x64
		{52179D0A-3BCC-4909-AF0F-DA6091C60FD1}.Debug|x86.ActiveCfg = Debug|Win32
		{52179D0A-3BCC-4909-AF0F-DA6091C60FD1}.Debug|x86.Build.0 = Debug|Win32
		{52179D0A-3BCC-4909-AF0F-DA6091C60FD1}.Release|x64.ActiveCfg = Release|x64
		{52179D0A-3BCC-4909-AF0F-DA6091C60FD1}.Release|x64.Build.0 = Release|x64
		{52179D0A-3BCC-4909-AF0F-DA6091C60FD1}.Release|x86.ActiveCfg = Release|Win32
		{52179D0A-3BCC-4909-AF0F-DA6091C60FD1}.Release|x86.Build.0 = Release|Win32
		{72CC5C67-C16B-4866-BC2D-91E9069C2564}.Debug|x64.ActiveCfg = Debug|x64
		{72CC5C67-C16B-4866-BC2D-91E9069C2564}.Debug|x64.Build.0 = Debug|x64
		{72CC5C67-C16B-4866-BC2D-91E9069C2564}.Debug|x86.ActiveCfg = Debug|Win32
		{72CC5C67-C16B-4866-BC2D-91E9069C2564}.Debug|x86.Build.0 = Debug|Win32
		{72CC5C67-C16B-4866-BC2D-91E9069C2564}.Release|x64.ActiveCfg = Release|x64
		{72CC5C67-C16B-4866-BC2D-91E9069C2564}.Release|x64.Build.0 = Release|x64
		{72CC5C67-C16B-4866-BC2D-91E9069C2564}.Release|x86.ActiveCfg = Release|Win32
		{72CC5C67-C16B-4866-BC2D-91E9069C2564}.Release|x86.Build.0 = Release|Win32
		{02531446-1EE4-492D-AF3D-67AFE42EFE84}.Debug|x64.ActiveCfg = Debug|x64
		{02531446-1EE4-492D-AF3D-67AFE42EFE84}.Debug|x64.Build.0 = Debug|x64
		{02531446-1EE4-492D-AF3D-67AFE42EFE84}.Debug|x86.ActiveCfg = Debug|Win32
		{02531446-1EE4-492D-AF3D-67AFE42EFE84}.Debug|x86.Build.0 = Debug|Win32
		{02531446-1EE4-492D-AF3D-67AFE42EFE84}.Release|x64.ActiveCfg = Release|x64
		{02531446-1EE4-492D-AF3D-67AFE42EFE84}.Release|x64.Build.0 = Release|x64
		{02531446-1EE4-492D-AF3D-67AFE42EFE84}.Release|x86.ActiveCfg = Release|Win32
		{02531446-1EE4-492D-AF3D-67AFE42EFE84}.Release|x86.Build.0 = Release|Win32
		{3ACB1E1B-82A2-4603-BF6E-4B0EE96210C0}.Debug|x64.ActiveCfg = Debug|x64
		{3ACB1E1B-82A2-4603-BF6E-4B0EE96210C0}.Debug|x64.Build.0 = Debug|x64
		{3ACB1E1B-82A2-4603-BF6E-4B0EE96210C0}.Debug|x86.ActiveCfg = Debug|Win32
		{3ACB1E1B-82A2-4603-BF6E-4B0EE96210C0}.Debug|x86.Build.0 = Debug|Win32
		{3ACB1E1B-82A2-4603-BF6E-4B0EE96210C0}.Release|x64.ActiveCfg = Release|x64
		{3ACB1E1B-82A2-4603-BF6E-4B0EE96210C0}.Release|x64.Build.0 = Release|x64
		{3ACB1E1B-82A2-4603-BF6E-4B0EE96210C0}.Release|x86.ActiveCfg = Release|Win32
		{3ACB1E1B-82A2-4603-BF6E-4B0EE96210C0}.Release|x86.Build.0 = Release|Win32
		{9B3BF6C1-A79E-42DC-9C47-DFCC3A6D5103}.Debug|x64.ActiveCfg = Debug|x64
		{9B3BF6C1-A79E-42DC-9C47-DFCC3A6D5103}.Debug|x64.Build.0 = Debug|x64
		{9B3BF6C1-A79E-42DC-9C47-DFCC3A6D5103}.Debug|x86.ActiveCfg = Debug|Win32
		{9B3BF6C1-A79E-42DC-9C47-DFCC3A6D5103}.Debug|x86.Build.0 = Debug|Win32
		{9B3BF6C1-A79E-42DC-9C47-DFCC3A6D5103}.Release|x64.ActiveCfg = Release|x64
		{9B3BF6C1-A79E-42DC-9C47-DFCC3A6D5103}.Release|x64.Build.0 = Release|x64
		{9B3BF6C1-A79E-42DC-9C47-DFCC3A6D5103}.Release|x86.ActiveCfg = Release|Win32
		{9B3BF6C1-A79E-42DC-9C47-DFCC3A6D5103}.Release|x86.Build.0 = Release|Win32
		{4E2ACBEC-E614-4EEF-819C-EA3918134ACD}.Debug|x64.ActiveCfg = Debug|x64
		{4E2ACBEC-E614-4EEF-819C-EA3918134ACD}.Debug|x64.Build.0 = Debug|x64
		{4E2ACBEC-E614-4EEF-819C-EA3918134ACD}.Debug|x86.ActiveCfg = Debug|Win32
		{4E2ACBEC-E614-4EEF-819C-EA3918134ACD}.Debug|x86.Build.0 = Debug|Win32
		{4E2ACBEC-E614-4EEF-819C-EA3918134ACD}.Release|x64.ActiveCfg = Release|x64
		{4E2ACBEC-E614-4EEF-819C-EA3918134ACD}.Release|x64.Build.0 = Release|x64
		{4E2ACBEC-E614-4EEF-819C-EA3918134ACD}.Release|x86.ActiveCfg = Release|Win32
		{4E2ACBEC-E614-4EEF-819C-EA3918134ACD}.Release|x86.Build.0 = Release|Win32
		{F945E304-74B3-4CB9-A120-3E923341E55C}.Debug|x64.ActiveCfg = Debug|x64
		{F945E304-74B3-4CB9-A120-3E923341E55C}.Debug|x64.Build.0 = Debug|x64
		{F945E304-74B3-4CB9-A120-3E923341E55C}.Debug|x86.ActiveCfg = Debug|Win32
		{F945E304-74B3-4CB9-A120-3E923341E55C}.Debug|x86.Build.0 = Debug|Win32
		{F945E304-74B3-4CB9-A120-3E923341E55C}.Release|x64.ActiveCfg = Release|x64
		{F945E304-74B3-4CB9-A120-3E923341E55C}.Release|x64.Build.0 = Release|x64
		{F945E304-74B3-4CB9-A120-3E923341E55C}.Release|x86.ActiveCfg = Release|Win32
		{F945E304-74B3-4CB9-A120-3E923341E55C}.Release|x86.Build.0 = Release|Win32
		{6B48BD21-B8F9-4405-A261-AC70E1E5598F}.Debug|x64.ActiveCfg = Debug|x64
		{6B48BD21-B8F9-4405-A261-AC70E1E5598F}.Debug|x64.Build.0 = Debug|x64
		{6B48BD21-B8F9-4405-A261-AC70E1E5598F}.Debug|x86.ActiveCfg = Debug|Win32
		{6B48BD21-B8F9-4405-A261-AC70E1E5598F}.Debug|x86.Build.0 = Debug|Win32
		{6B48BD21-B8F9-4405-A261-AC70E1E5598F}.Release|x64.ActiveCfg = Release|x64
		{6B48BD21-B8F9-4405-A261-AC70E1E5598F}.Release|x64.Build.0 = Release|x64
		{6B48BD21-B8F9-4405-A261-AC70E1E5598F}.Release|x86.ActiveCfg = Release|Win32
		{6B48BD21-B8F9-4405-A261-AC70E1E5598F}.Release|x86.Build.0 = Release|Win32
		{4250D218-2B00-4B42-8E59-96DE36BF015D}.Debug|x64.ActiveCfg = Debug|x64
		{4250D218-2B00-4B42-8E59-96DE36BF015D}.Debug|x64.Build.0 = Debug|x64
		{4250D218-2B00-4B42-8E59-96DE36BF015D}.Debug|x86.ActiveCfg = Debug|Win32
		{4250D218-2B00-4B42-8E59-96DE36BF015D}.Debug|x86.Build.0 = Debug|Win32
		{4250D218-2B00-4B42-8E59-96DE36BF015D}.Release|x64.ActiveCfg = Release|x64
		{4250D218-2B00-4B42-8E59-96DE36BF015D}.Release|x64.Build.0 = Release|x64
		{4250D218-2B00-4B42-8E59-96DE36BF015D}.Release|x86.ActiveCfg = Release|Win32
		{4250D218-2B00-4B42-8E59-96DE36BF015D}.Release|x86.Build.0 = Release|Win32
		{C6F73E6D-CECE-47CF-AB20-FB65BA65EA5A}.Debug|x64.ActiveCfg = Debug|x64
		{C6F73E6D-CECE-47CF-AB20-FB65BA65EA5A}.Debug|x64.Build.0 = Debug|x64
		{C6F73E6D-CECE-47CF-AB20-FB65BA65EA5A}.Debug|x86.ActiveCfg = Debug|Win32
		{C6F73E6D-CECE-47CF-AB20-FB65BA65EA5A}.Debug|x86.Build.0 = Debug|Win32
		{C6F73E6D-CECE-47CF-AB20-FB65BA65EA5A}.Release|x64.ActiveCfg = Release|x64
		{C6F73E6D-CECE-47CF-AB20-FB65BA65EA5A}.Release|x64.Build.0 = Release|x64
		{C6F73E6D-CECE-47CF-AB20-FB65BA65EA5A}.Release|x86.ActiveCfg = Release|Win32
		{C6F73E6D-CECE-47CF-AB20-FB65BA65EA5A}.Release|x86.Build.0 = Release|Win32
		{1F5907FC-76C9-42E1-8628-CDB4B554E660}.Debug|x64.ActiveCfg = Debug|x64
		{1F5907FC-76C9-42E1-8628-CDB4B554E660}.Debug|x64.Build.0 = Debug|x64
		{1F5907FC-76C9-42E1-8628-CDB4B554E660}.Debug|x86.ActiveCfg = Debug|Win32
		{1F5907FC-76C9-42E1-8628-CDB4B554E660}.Debug|x86.Build.0 = Debug|Win32
		{1F5907FC-76C9-42E1-8628-CDB4B554E660}.Release|x64.ActiveCfg = Release|x64
		{1F5907FC-76C9-42E1-8628-CDB4B554E660}.Release|x64.Build.0 = Release|x64
		{1F5907FC-76C9-42E1-8628-CDB4B554E660}.Release|x86.ActiveCfg = Release|Win32
		{1F5907FC-76C9-42E1-8628-CDB4B554E660}.Release|x86.Build.0 = Release|Win32
	EndGlobalSection
	GlobalSection(SolutionProperties) = preSolution
		HideSolutionNode = FALSE
	EndGlobalSection
	GlobalSection(ExtensibilityGlobals) = postSolution
		SolutionGuid = {90853BC7-FDFD-4D27-A0FF-16A16482B28E}
	EndGlobalSection
EndGlobal
